
Microsoft Visual Studio Solution File, Format Version 12.00
# Visual Studio Version 17
VisualStudioVersion = 17.13.35825.156 d17.13
MinimumVisualStudioVersion = 10.0.40219.1
Project("{FAE04EC0-301F-11D3-BF4B-00C04F79EFBC}") = "LoginForm", "LoginForm\LoginForm.csproj", "{6E06F676-7515-441B-A2ED-27EC01CEEAF9}"
EndProject
Global
	GlobalSection(SolutionConfigurationPlatforms) = preSolution
		Debug|Any CPU = Debug|Any CPU
		Release|Any CPU = Release|Any CPU
	EndGlobalSection
	GlobalSection(ProjectConfigurationPlatforms) = postSolution
		{6E06F676-7515-441B-A2ED-27EC01CEEAF9}.Debug|Any CPU.ActiveCfg = Debug|Any CPU
		{6E06F676-7515-441B-A2ED-27EC01CEEAF9}.Debug|Any CPU.Build.0 = Debug|Any CPU
		{6E06F676-7515-441B-A2ED-27EC01CEEAF9}.Release|Any CPU.ActiveCfg = Release|Any CPU
		{6E06F676-7515-441B-A2ED-27EC01CEEAF9}.Release|Any CPU.Build.0 = Release|Any CPU
	EndGlobalSection
	GlobalSection(SolutionProperties) = preSolution
		HideSolutionNode = FALSE
	EndGlobalSection
	GlobalSection(ExtensibilityGlobals) = postSolution
		SolutionGuid = {E3B1AD76-AC17-41F9-B95C-B4CAC50D01DB}
	EndGlobalSection
EndGlobal
